{
  "requires": true,
  "lockfileVersion": 1,
  "dependencies": {
    "rete": {
      "version": "1.4.5-rc.1",
      "resolved": "https://registry.npmjs.org/rete/-/rete-1.4.5-rc.1.tgz",
      "integrity": "sha512-wdAfmi8d22h2/CbrVHnX4enhRZtJn4+5uRSOkl1jxZYSsmjzYZbebawcQuY0xIQRFBL3RSX4Wl4hzo4TAg/fOw=="
    },
    "rete-connection-plugin": {
      "version": "0.9.0",
      "resolved": "https://registry.npmjs.org/rete-connection-plugin/-/rete-connection-plugin-0.9.0.tgz",
      "integrity": "sha512-D+H1yAONBBFYXeMkz0sdpDm76XiqcF2N3FduaqMUqcoThocMaFB2O8TX3nJc76ksuYaLYqo/+OLXTxNa+5HQYQ=="
    },
    "rete-vue-render-plugin": {
      "version": "0.5.1",
      "resolved": "https://registry.npmjs.org/rete-vue-render-plugin/-/rete-vue-render-plugin-0.5.1.tgz",
      "integrity": "sha512-U+lMn086TjnkiRkD/VAwG5PKJXmaAFgso8GbQsZusNhZtlA+jD/BO6UeBeanga4eBJAdaOWGai9BEnvCwDkynw==",
      "requires": {
        "vue": "^2.6.6"
      }
    },
    "vue": {
      "version": "2.6.12",
      "resolved": "https://registry.npmjs.org/vue/-/vue-2.6.12.tgz",
      "integrity": "sha512-uhmLFETqPPNyuLLbsKz6ioJ4q7AZHzD8ZVFNATNyICSZouqP2Sz0rotWQC8UNBF6VGSCs5abnKJoStA6JbCbfg=="
    }
  }
}
